// !$*UTF8*$!
{
	archiveVersion = 1;
	classes = {
	};
	objectVersion = 77;
	objects = {

/* Begin PBXBuildFile section */
		05E3AA3580CA0FCFBB1886CD /* GarageUITests.swift in Sources */ = {isa = PBXBuildFile; fileRef = 93A67CAED75D1C43431CBEC4 /* GarageUITests.swift */; };
		06FA7C499CE4618F1B680CD6 /* RecordingBanner.swift in Sources */ = {isa = PBXBuildFile; fileRef = F48AE0050A975A2D2C847DDB /* RecordingBanner.swift */; };
		098CFE37BCCB755134EAF63A /* ColorTokens.generated.swift in Sources */ = {isa = PBXBuildFile; fileRef = 8448B97FB1616E831FF9C5C6 /* ColorTokens.generated.swift */; };
		0B42C235850422B2C6BF0737 /* EventModel.swift in Sources */ = {isa = PBXBuildFile; fileRef = 30D7E5BFFAD255C5A8CDC979 /* EventModel.swift */; };
		0C6C6E94CEE1F31E72BB6A12 /* TrackScreen.swift in Sources */ = {isa = PBXBuildFile; fileRef = 6C37B0DDB941D4C18A32BA87 /* TrackScreen.swift */; };
		1677D98790F02D2C92BB7EB8 /* TokenGallery.swift in Sources */ = {isa = PBXBuildFile; fileRef = BC08E6DAFEE98F1569066E49 /* TokenGallery.swift */; };
		212E41370DD7175B47DE9DDB /* LocationService.swift in Sources */ = {isa = PBXBuildFile; fileRef = DF71BFD1447FEAD3D7528461 /* LocationService.swift */; };
		2AE133FCAF4C715B3E33AFC8 /* RemoteRecorder.swift in Sources */ = {isa = PBXBuildFile; fileRef = 069CAEC52E0E9C81C22DC8C8 /* RemoteRecorder.swift */; };
		2B296B48C5EA86083A5DE11F /* TrackMapView.swift in Sources */ = {isa = PBXBuildFile; fileRef = F3556BEFE3E9C4894EC8783F /* TrackMapView.swift */; };
		2D35025A70FD15F566175D84 /* AppServices.swift in Sources */ = {isa = PBXBuildFile; fileRef = AC94F085162A76DECDFA4087 /* AppServices.swift */; };
		34446D1A60916C974D7DCF59 /* Typography.swift in Sources */ = {isa = PBXBuildFile; fileRef = BEB943307051525CEC527B23 /* Typography.swift */; };
		397937B5884853330FA725F8 /* RecordAndSaveUITests.swift in Sources */ = {isa = PBXBuildFile; fileRef = AE57D24F71C3C0964D60F43C /* RecordAndSaveUITests.swift */; };
		43E22091F3B55FE761C3F737 /* GarageViews.swift in Sources */ = {isa = PBXBuildFile; fileRef = DE19F08670203224D23A5F6F /* GarageViews.swift */; };
		444CE9EBFBD135B1145D10B8 /* Haptics.swift in Sources */ = {isa = PBXBuildFile; fileRef = A32AEB077B38B164C34ECD9E /* Haptics.swift */; };
		449B69CF28F00455EFE6F6DA /* ImportScreen.swift in Sources */ = {isa = PBXBuildFile; fileRef = 291C87F538FC7E79CDB43160 /* ImportScreen.swift */; };
		44C9344E2201B4126ABEF4D7 /* CoreScreensUITests.swift in Sources */ = {isa = PBXBuildFile; fileRef = 66389188B710C7781911F41D /* CoreScreensUITests.swift */; };
		4672EECB0EB121F69CCDC6DF /* ThemePreference.swift in Sources */ = {isa = PBXBuildFile; fileRef = 77AAF51B0B3269B08721385C /* ThemePreference.swift */; };
		48D153C4F58B8B1A62F7A616 /* SharedLogbookScreen.swift in Sources */ = {isa = PBXBuildFile; fileRef = AD05660D07949263E1197B0C /* SharedLogbookScreen.swift */; };
		48E955F21551B6D82C3AB62C /* RecordingController.swift in Sources */ = {isa = PBXBuildFile; fileRef = 380D4BFFDADBA70827336888 /* RecordingController.swift */; };
		499E0DD4FB9A41DF0B97A880 /* BrandMark.swift in Sources */ = {isa = PBXBuildFile; fileRef = 03E3F0A72B7C7860B19B1ED6 /* BrandMark.swift */; };
		49A0B66026E0F7DC363FFBA6 /* VehicleScreen.swift in Sources */ = {isa = PBXBuildFile; fileRef = CE140B76E79AB433F9FA1E96 /* VehicleScreen.swift */; };
		4D5846D926BDEF1D48B78043 /* LinePickerView.swift in Sources */ = {isa = PBXBuildFile; fileRef = 6EA73ABB4BB40CF826F60AF4 /* LinePickerView.swift */; };
		4F0879E87B4D8BE767CC34B6 /* Shape.swift in Sources */ = {isa = PBXBuildFile; fileRef = 53A61B2645926992E00FFAD3 /* Shape.swift */; };
		51CF45A0E84DE89AA15DB4D7 /* Router.swift in Sources */ = {isa = PBXBuildFile; fileRef = CF43C9F27E545AD049BEA61F /* Router.swift */; };
		5A671EFFAC149837963BCEBF /* TelemetryImporter.swift in Sources */ = {isa = PBXBuildFile; fileRef = E7D8720DD4F67BA47FB3A473 /* TelemetryImporter.swift */; };
		5EBA32B6F5FA9254C490BFFF /* RootView.swift in Sources */ = {isa = PBXBuildFile; fileRef = 1D6588990892F4B703C72631 /* RootView.swift */; };
		5F8BC0ED3060AC991BAB71F8 /* TrackEvolutionKit in Frameworks */ = {isa = PBXBuildFile; productRef = 4E5F2EDF1C9FC56FC64FA6AD /* TrackEvolutionKit */; };
		66499C8CFD338E62777C4FFE /* GestureUITests.swift in Sources */ = {isa = PBXBuildFile; fileRef = 47E244125B7D8F3A4F6BAB44 /* GestureUITests.swift */; };
		66E2ABF81E3E3688EBA81EA6 /* RecordingScreen.swift in Sources */ = {isa = PBXBuildFile; fileRef = B84545EEFA513CC785A84F2E /* RecordingScreen.swift */; };
		68F38DA8AA921117CCEE56D5 /* EventScreen.swift in Sources */ = {isa = PBXBuildFile; fileRef = 5D136E4DE2F395728D4F10F3 /* EventScreen.swift */; };
		7660D016CC7A4B8466794DD5 /* SignInScreen.swift in Sources */ = {isa = PBXBuildFile; fileRef = 684F8FFC9870756AC968E1E6 /* SignInScreen.swift */; };
		791FD58FCA19C993DB62F19D /* SectorTable.swift in Sources */ = {isa = PBXBuildFile; fileRef = 7D49906A9ABE290475361112 /* SectorTable.swift */; };
		79DB087EDD43CCC5CE9D378E /* ProgressChart.swift in Sources */ = {isa = PBXBuildFile; fileRef = 41D9EC7D2504A9022D639B5C /* ProgressChart.swift */; };
		7D8383BD1872AF68D53716DD /* DebugImportFixture.swift in Sources */ = {isa = PBXBuildFile; fileRef = FFC506BB6A47DA40FDE9F249 /* DebugImportFixture.swift */; };
		8942CFCB809A0BD25305A821 /* Components.swift in Sources */ = {isa = PBXBuildFile; fileRef = 490360DEB9D237C16354DD63 /* Components.swift */; };
		8956AB4D920BC0AFC8FFE7C4 /* ChecklistTemplateUITests.swift in Sources */ = {isa = PBXBuildFile; fileRef = 7CE53488843E1D73126026F6 /* ChecklistTemplateUITests.swift */; };
		8990E2C22F8CF6730645B7CE /* KeychainTokenStore.swift in Sources */ = {isa = PBXBuildFile; fileRef = 8CD78980A94180BC2F78537A /* KeychainTokenStore.swift */; };
		99384036CC3B4CB5D05BD649 /* EventFormScreen.swift in Sources */ = {isa = PBXBuildFile; fileRef = CEA44AA2D607E65A52B5F107 /* EventFormScreen.swift */; };
		AA75C5EA5360CAAB10025EEA /* DashboardScreen.swift in Sources */ = {isa = PBXBuildFile; fileRef = 8F439FF83E5F1B518CD15FCE /* DashboardScreen.swift */; };
		B1EA74D76DE83B0DAFAD5F44 /* LegacyClaimRecord.swift in Sources */ = {isa = PBXBuildFile; fileRef = E142A66C92DBCD4560C1753C /* LegacyClaimRecord.swift */; };
		B7166F1C215B677B6277F598 /* OfflineWritesUITests.swift in Sources */ = {isa = PBXBuildFile; fileRef = 6F66DCA3EEAAB9B7AB63C634 /* OfflineWritesUITests.swift */; };
		B98EEDCCD74302D9CD967182 /* SignInUITests.swift in Sources */ = {isa = PBXBuildFile; fileRef = 82118910A4D7C285ABC04083 /* SignInUITests.swift */; };
		C142D7B4B7E675F7AAD53880 /* StoreController.swift in Sources */ = {isa = PBXBuildFile; fileRef = BB900AB8D4C1B65D30BBF43A /* StoreController.swift */; };
		D49E777A0431DFC981F47CF6 /* TrackEvolutionApp.swift in Sources */ = {isa = PBXBuildFile; fileRef = DF458BC0BC4540AA03653819 /* TrackEvolutionApp.swift */; };
		D51EB8770639D12CEEE9B9F0 /* PaywallSheet.swift in Sources */ = {isa = PBXBuildFile; fileRef = B3FF04EE56EF96EE2E8F5283 /* PaywallSheet.swift */; };
		D5F6F247F84F06154C7BDB37 /* FixJournal.swift in Sources */ = {isa = PBXBuildFile; fileRef = 6531D681E22CE7E088412777 /* FixJournal.swift */; };
		D8242F06EE63ABEA3DE366D5 /* SettingsScreen.swift in Sources */ = {isa = PBXBuildFile; fileRef = 6D029EFD956A7AC879046769 /* SettingsScreen.swift */; };
		DA264BA1CC72048E06DF405D /* TelemetryPicker.swift in Sources */ = {isa = PBXBuildFile; fileRef = 1C495D7D81AF10999314C8E7 /* TelemetryPicker.swift */; };
		DAE2D0644FF52D0956D4E4B9 /* ChannelGraphsUITests.swift in Sources */ = {isa = PBXBuildFile; fileRef = 2133654268DDDB033D753977 /* ChannelGraphsUITests.swift */; };
		DB78BAE155E508C9C20736D1 /* CarPlaySceneDelegate.swift in Sources */ = {isa = PBXBuildFile; fileRef = 56BB693BDA719629E82C5935 /* CarPlaySceneDelegate.swift */; };
		DDC81CFF119F5757B8E5C2A5 /* VideoImportUITests.swift in Sources */ = {isa = PBXBuildFile; fileRef = 2547D11C2AB55F3F271936B4 /* VideoImportUITests.swift */; };
		DE58BE58A61787D0A296A492 /* AuthController.swift in Sources */ = {isa = PBXBuildFile; fileRef = 150A5FDFCC1A9C0324EA2622 /* AuthController.swift */; };
		E105E001CFDE0E8E7CC4914B /* SyncBanner.swift in Sources */ = {isa = PBXBuildFile; fileRef = 04230CAFDCE1FE313B80FF77 /* SyncBanner.swift */; };
		E455177C72CEF449BDEDF9CD /* LapChannelChart.swift in Sources */ = {isa = PBXBuildFile; fileRef = C11E4CD1582ACC54710F446D /* LapChannelChart.swift */; };
		E9868474425C0AC1F91A7E55 /* TelemetryFileSource.swift in Sources */ = {isa = PBXBuildFile; fileRef = 497D4C7291EC82131207C136 /* TelemetryFileSource.swift */; };
		F87B8589AAC23215D4995227 /* DevServerSignIn.swift in Sources */ = {isa = PBXBuildFile; fileRef = CA9909D90A12012D6F62C72B /* DevServerSignIn.swift */; };
		F8BF1DC67E401FF5B97B9614 /* CompareLapsScreen.swift in Sources */ = {isa = PBXBuildFile; fileRef = 5EBA185EA22E05A952A0F1AD /* CompareLapsScreen.swift */; };
		F903D5D339EABBC96E51A877 /* Assets.xcassets in Resources */ = {isa = PBXBuildFile; fileRef = D10939598E67F796CA22FCE3 /* Assets.xcassets */; };
		FE1DBD9FE6647218B6AEB845 /* ReviewScreen.swift in Sources */ = {isa = PBXBuildFile; fileRef = 12317D03A02B7DF755F9A335 /* ReviewScreen.swift */; };
/* End PBXBuildFile section */

/* Begin PBXContainerItemProxy section */
		F585D2B301A1098FC267C01E /* PBXContainerItemProxy */ = {
			isa = PBXContainerItemProxy;
			containerPortal = 4118DA39686922F816BBEAB1 /* Project object */;
			proxyType = 1;
			remoteGlobalIDString = AC13A14220F527DEFEFB95D4;
			remoteInfo = TrackEvolution;
		};
/* End PBXContainerItemProxy section */

/* Begin PBXFileReference section */
		00C463A61C87EA12BC0DD175 /* TrackEvolutionKit */ = {isa = PBXFileReference; lastKnownFileType = folder; name = TrackEvolutionKit; path = Packages/TrackEvolutionKit; sourceTree = SOURCE_ROOT; };
		03E3F0A72B7C7860B19B1ED6 /* BrandMark.swift */ = {isa = PBXFileReference; lastKnownFileType = sourcecode.swift; path = BrandMark.swift; sourceTree = "<group>"; };
		04230CAFDCE1FE313B80FF77 /* SyncBanner.swift */ = {isa = PBXFileReference; lastKnownFileType = sourcecode.swift; path = SyncBanner.swift; sourceTree = "<group>"; };
		069CAEC52E0E9C81C22DC8C8 /* RemoteRecorder.swift */ = {isa = PBXFileReference; lastKnownFileType = sourcecode.swift; path = RemoteRecorder.swift; sourceTree = "<group>"; };
		12317D03A02B7DF755F9A335 /* ReviewScreen.swift */ = {isa = PBXFileReference; lastKnownFileType = sourcecode.swift; path = ReviewScreen.swift; sourceTree = "<group>"; };
		150A5FDFCC1A9C0324EA2622 /* AuthController.swift */ = {isa = PBXFileReference; lastKnownFileType = sourcecode.swift; path = AuthController.swift; sourceTree = "<group>"; };
		1C495D7D81AF10999314C8E7 /* TelemetryPicker.swift */ = {isa = PBXFileReference; lastKnownFileType = sourcecode.swift; path = TelemetryPicker.swift; sourceTree = "<group>"; };
		1D6588990892F4B703C72631 /* RootView.swift */ = {isa = PBXFileReference; lastKnownFileType = sourcecode.swift; path = RootView.swift; sourceTree = "<group>"; };
		2133654268DDDB033D753977 /* ChannelGraphsUITests.swift */ = {isa = PBXFileReference; lastKnownFileType = sourcecode.swift; path = ChannelGraphsUITests.swift; sourceTree = "<group>"; };
		2547D11C2AB55F3F271936B4 /* VideoImportUITests.swift */ = {isa = PBXFileReference; lastKnownFileType = sourcecode.swift; path = VideoImportUITests.swift; sourceTree = "<group>"; };
		291C87F538FC7E79CDB43160 /* ImportScreen.swift */ = {isa = PBXFileReference; lastKnownFileType = sourcecode.swift; path = ImportScreen.swift; sourceTree = "<group>"; };
		30D7E5BFFAD255C5A8CDC979 /* EventModel.swift */ = {isa = PBXFileReference; lastKnownFileType = sourcecode.swift; path = EventModel.swift; sourceTree = "<group>"; };
		380D4BFFDADBA70827336888 /* RecordingController.swift */ = {isa = PBXFileReference; lastKnownFileType = sourcecode.swift; path = RecordingController.swift; sourceTree = "<group>"; };
		41D9EC7D2504A9022D639B5C /* ProgressChart.swift */ = {isa = PBXFileReference; lastKnownFileType = sourcecode.swift; path = ProgressChart.swift; sourceTree = "<group>"; };
		47E244125B7D8F3A4F6BAB44 /* GestureUITests.swift */ = {isa = PBXFileReference; lastKnownFileType = sourcecode.swift; path = GestureUITests.swift; sourceTree = "<group>"; };
		490360DEB9D237C16354DD63 /* Components.swift */ = {isa = PBXFileReference; lastKnownFileType = sourcecode.swift; path = Components.swift; sourceTree = "<group>"; };
		497D4C7291EC82131207C136 /* TelemetryFileSource.swift */ = {isa = PBXFileReference; lastKnownFileType = sourcecode.swift; path = TelemetryFileSource.swift; sourceTree = "<group>"; };
		4F2186F17C307D76064E1F95 /* TrackEvolution.app */ = {isa = PBXFileReference; includeInIndex = 0; lastKnownFileType = wrapper.application; path = TrackEvolution.app; sourceTree = BUILT_PRODUCTS_DIR; };
		53A61B2645926992E00FFAD3 /* Shape.swift */ = {isa = PBXFileReference; lastKnownFileType = sourcecode.swift; path = Shape.swift; sourceTree = "<group>"; };
		55E9244DD52E774CD4AC9340 /* Configuration.storekit */ = {isa = PBXFileReference; path = Configuration.storekit; sourceTree = "<group>"; };
		56BB693BDA719629E82C5935 /* CarPlaySceneDelegate.swift */ = {isa = PBXFileReference; lastKnownFileType = sourcecode.swift; path = CarPlaySceneDelegate.swift; sourceTree = "<group>"; };
		5D136E4DE2F395728D4F10F3 /* EventScreen.swift */ = {isa = PBXFileReference; lastKnownFileType = sourcecode.swift; path = EventScreen.swift; sourceTree = "<group>"; };
		5EBA185EA22E05A952A0F1AD /* CompareLapsScreen.swift */ = {isa = PBXFileReference; lastKnownFileType = sourcecode.swift; path = CompareLapsScreen.swift; sourceTree = "<group>"; };
		6531D681E22CE7E088412777 /* FixJournal.swift */ = {isa = PBXFileReference; lastKnownFileType = sourcecode.swift; path = FixJournal.swift; sourceTree = "<group>"; };
		66389188B710C7781911F41D /* CoreScreensUITests.swift */ = {isa = PBXFileReference; lastKnownFileType = sourcecode.swift; path = CoreScreensUITests.swift; sourceTree = "<group>"; };
		684F8FFC9870756AC968E1E6 /* SignInScreen.swift */ = {isa = PBXFileReference; lastKnownFileType = sourcecode.swift; path = SignInScreen.swift; sourceTree = "<group>"; };
		6C37B0DDB941D4C18A32BA87 /* TrackScreen.swift */ = {isa = PBXFileReference; lastKnownFileType = sourcecode.swift; path = TrackScreen.swift; sourceTree = "<group>"; };
		6D029EFD956A7AC879046769 /* SettingsScreen.swift */ = {isa = PBXFileReference; lastKnownFileType = sourcecode.swift; path = SettingsScreen.swift; sourceTree = "<group>"; };
		6EA73ABB4BB40CF826F60AF4 /* LinePickerView.swift */ = {isa = PBXFileReference; lastKnownFileType = sourcecode.swift; path = LinePickerView.swift; sourceTree = "<group>"; };
		6F66DCA3EEAAB9B7AB63C634 /* OfflineWritesUITests.swift */ = {isa = PBXFileReference; lastKnownFileType = sourcecode.swift; path = OfflineWritesUITests.swift; sourceTree = "<group>"; };
		77AAF51B0B3269B08721385C /* ThemePreference.swift */ = {isa = PBXFileReference; lastKnownFileType = sourcecode.swift; path = ThemePreference.swift; sourceTree = "<group>"; };
		7CE53488843E1D73126026F6 /* ChecklistTemplateUITests.swift */ = {isa = PBXFileReference; lastKnownFileType = sourcecode.swift; path = ChecklistTemplateUITests.swift; sourceTree = "<group>"; };
		7D49906A9ABE290475361112 /* SectorTable.swift */ = {isa = PBXFileReference; lastKnownFileType = sourcecode.swift; path = SectorTable.swift; sourceTree = "<group>"; };
		7FAD7F0F8459AFBE55AE39CB /* Info.plist */ = {isa = PBXFileReference; lastKnownFileType = text.plist; path = Info.plist; sourceTree = "<group>"; };
		82118910A4D7C285ABC04083 /* SignInUITests.swift */ = {isa = PBXFileReference; lastKnownFileType = sourcecode.swift; path = SignInUITests.swift; sourceTree = "<group>"; };
		8448B97FB1616E831FF9C5C6 /* ColorTokens.generated.swift */ = {isa = PBXFileReference; lastKnownFileType = sourcecode.swift; path = ColorTokens.generated.swift; sourceTree = "<group>"; };
		8CD78980A94180BC2F78537A /* KeychainTokenStore.swift */ = {isa = PBXFileReference; lastKnownFileType = sourcecode.swift; path = KeychainTokenStore.swift; sourceTree = "<group>"; };
		8F439FF83E5F1B518CD15FCE /* DashboardScreen.swift */ = {isa = PBXFileReference; lastKnownFileType = sourcecode.swift; path = DashboardScreen.swift; sourceTree = "<group>"; };
		93A67CAED75D1C43431CBEC4 /* GarageUITests.swift */ = {isa = PBXFileReference; lastKnownFileType = sourcecode.swift; path = GarageUITests.swift; sourceTree = "<group>"; };
		A32AEB077B38B164C34ECD9E /* Haptics.swift */ = {isa = PBXFileReference; lastKnownFileType = sourcecode.swift; path = Haptics.swift; sourceTree = "<group>"; };
		A9CE6FCEF23CA4222C13FF34 /* TrackEvolution.entitlements */ = {isa = PBXFileReference; lastKnownFileType = text.plist.entitlements; path = TrackEvolution.entitlements; sourceTree = "<group>"; };
		AC94F085162A76DECDFA4087 /* AppServices.swift */ = {isa = PBXFileReference; lastKnownFileType = sourcecode.swift; path = AppServices.swift; sourceTree = "<group>"; };
		AD05660D07949263E1197B0C /* SharedLogbookScreen.swift */ = {isa = PBXFileReference; lastKnownFileType = sourcecode.swift; path = SharedLogbookScreen.swift; sourceTree = "<group>"; };
		AE57D24F71C3C0964D60F43C /* RecordAndSaveUITests.swift */ = {isa = PBXFileReference; lastKnownFileType = sourcecode.swift; path = RecordAndSaveUITests.swift; sourceTree = "<group>"; };
		B3FF04EE56EF96EE2E8F5283 /* PaywallSheet.swift */ = {isa = PBXFileReference; lastKnownFileType = sourcecode.swift; path = PaywallSheet.swift; sourceTree = "<group>"; };
		B4630A11194CA0906744BD96 /* TrackEvolutionUITests.xctest */ = {isa = PBXFileReference; includeInIndex = 0; lastKnownFileType = wrapper.cfbundle; path = TrackEvolutionUITests.xctest; sourceTree = BUILT_PRODUCTS_DIR; };
		B84545EEFA513CC785A84F2E /* RecordingScreen.swift */ = {isa = PBXFileReference; lastKnownFileType = sourcecode.swift; path = RecordingScreen.swift; sourceTree = "<group>"; };
		BB900AB8D4C1B65D30BBF43A /* StoreController.swift */ = {isa = PBXFileReference; lastKnownFileType = sourcecode.swift; path = StoreController.swift; sourceTree = "<group>"; };
		BC08E6DAFEE98F1569066E49 /* TokenGallery.swift */ = {isa = PBXFileReference; lastKnownFileType = sourcecode.swift; path = TokenGallery.swift; sourceTree = "<group>"; };
		BEB943307051525CEC527B23 /* Typography.swift */ = {isa = PBXFileReference; lastKnownFileType = sourcecode.swift; path = Typography.swift; sourceTree = "<group>"; };
		C11E4CD1582ACC54710F446D /* LapChannelChart.swift */ = {isa = PBXFileReference; lastKnownFileType = sourcecode.swift; path = LapChannelChart.swift; sourceTree = "<group>"; };
		CA9909D90A12012D6F62C72B /* DevServerSignIn.swift */ = {isa = PBXFileReference; lastKnownFileType = sourcecode.swift; path = DevServerSignIn.swift; sourceTree = "<group>"; };
		CE140B76E79AB433F9FA1E96 /* VehicleScreen.swift */ = {isa = PBXFileReference; lastKnownFileType = sourcecode.swift; path = VehicleScreen.swift; sourceTree = "<group>"; };
		CEA44AA2D607E65A52B5F107 /* EventFormScreen.swift */ = {isa = PBXFileReference; lastKnownFileType = sourcecode.swift; path = EventFormScreen.swift; sourceTree = "<group>"; };
		CF43C9F27E545AD049BEA61F /* Router.swift */ = {isa = PBXFileReference; lastKnownFileType = sourcecode.swift; path = Router.swift; sourceTree = "<group>"; };
		D10939598E67F796CA22FCE3 /* Assets.xcassets */ = {isa = PBXFileReference; lastKnownFileType = folder.assetcatalog; path = Assets.xcassets; sourceTree = "<group>"; };
		DE19F08670203224D23A5F6F /* GarageViews.swift */ = {isa = PBXFileReference; lastKnownFileType = sourcecode.swift; path = GarageViews.swift; sourceTree = "<group>"; };
		DF458BC0BC4540AA03653819 /* TrackEvolutionApp.swift */ = {isa = PBXFileReference; lastKnownFileType = sourcecode.swift; path = TrackEvolutionApp.swift; sourceTree = "<group>"; };
		DF71BFD1447FEAD3D7528461 /* LocationService.swift */ = {isa = PBXFileReference; lastKnownFileType = sourcecode.swift; path = LocationService.swift; sourceTree = "<group>"; };
		E142A66C92DBCD4560C1753C /* LegacyClaimRecord.swift */ = {isa = PBXFileReference; lastKnownFileType = sourcecode.swift; path = LegacyClaimRecord.swift; sourceTree = "<group>"; };
		E7D8720DD4F67BA47FB3A473 /* TelemetryImporter.swift */ = {isa = PBXFileReference; lastKnownFileType = sourcecode.swift; path = TelemetryImporter.swift; sourceTree = "<group>"; };
		F3556BEFE3E9C4894EC8783F /* TrackMapView.swift */ = {isa = PBXFileReference; lastKnownFileType = sourcecode.swift; path = TrackMapView.swift; sourceTree = "<group>"; };
		F48AE0050A975A2D2C847DDB /* RecordingBanner.swift */ = {isa = PBXFileReference; lastKnownFileType = sourcecode.swift; path = RecordingBanner.swift; sourceTree = "<group>"; };
		FFC506BB6A47DA40FDE9F249 /* DebugImportFixture.swift */ = {isa = PBXFileReference; lastKnownFileType = sourcecode.swift; path = DebugImportFixture.swift; sourceTree = "<group>"; };
/* End PBXFileReference section */

/* Begin PBXFrameworksBuildPhase section */
		6621516D22CDA34B378507CA /* Frameworks */ = {
			isa = PBXFrameworksBuildPhase;
			buildActionMask = 2147483647;
			files = (
				5F8BC0ED3060AC991BAB71F8 /* TrackEvolutionKit in Frameworks */,
			);
			runOnlyForDeploymentPostprocessing = 0;
		};
/* End PBXFrameworksBuildPhase section */

/* Begin PBXGroup section */
		05785085DD8CB7FE9F551097 /* Auth */ = {
			isa = PBXGroup;
			children = (
				150A5FDFCC1A9C0324EA2622 /* AuthController.swift */,
				8CD78980A94180BC2F78537A /* KeychainTokenStore.swift */,
				684F8FFC9870756AC968E1E6 /* SignInScreen.swift */,
			);
			path = Auth;
			sourceTree = "<group>";
		};
		05F08C89A2F106188B1AC56B /* Recording */ = {
			isa = PBXGroup;
			children = (
				6531D681E22CE7E088412777 /* FixJournal.swift */,
				A32AEB077B38B164C34ECD9E /* Haptics.swift */,
				6EA73ABB4BB40CF826F60AF4 /* LinePickerView.swift */,
				DF71BFD1447FEAD3D7528461 /* LocationService.swift */,
				F48AE0050A975A2D2C847DDB /* RecordingBanner.swift */,
				380D4BFFDADBA70827336888 /* RecordingController.swift */,
				B84545EEFA513CC785A84F2E /* RecordingScreen.swift */,
				12317D03A02B7DF755F9A335 /* ReviewScreen.swift */,
			);
			path = Recording;
			sourceTree = "<group>";
		};
		216647CDD6A5F969D30A744B = {
			isa = PBXGroup;
			children = (
				7F9F76BF9CBBCC264B34A93D /* App */,
				CDB2CA4C7E435A8B4ABA5EB1 /* Packages */,
				C581ABE7A266A00827F3A4A3 /* UITests */,
				55E9244DD52E774CD4AC9340 /* Configuration.storekit */,
				E1619804A1ABA704C06014FE /* Products */,
			);
			sourceTree = "<group>";
		};
		578A399D6F6E60A4A894C8B8 /* Offline */ = {
			isa = PBXGroup;
			children = (
				04230CAFDCE1FE313B80FF77 /* SyncBanner.swift */,
			);
			path = Offline;
			sourceTree = "<group>";
		};
		665A300ABA9EBC0413EB48F9 /* Screens */ = {
			isa = PBXGroup;
			children = (
				5EBA185EA22E05A952A0F1AD /* CompareLapsScreen.swift */,
				490360DEB9D237C16354DD63 /* Components.swift */,
				8F439FF83E5F1B518CD15FCE /* DashboardScreen.swift */,
				CEA44AA2D607E65A52B5F107 /* EventFormScreen.swift */,
				30D7E5BFFAD255C5A8CDC979 /* EventModel.swift */,
				5D136E4DE2F395728D4F10F3 /* EventScreen.swift */,
				DE19F08670203224D23A5F6F /* GarageViews.swift */,
				6D029EFD956A7AC879046769 /* SettingsScreen.swift */,
				AD05660D07949263E1197B0C /* SharedLogbookScreen.swift */,
				6C37B0DDB941D4C18A32BA87 /* TrackScreen.swift */,
				CE140B76E79AB433F9FA1E96 /* VehicleScreen.swift */,
			);
			path = Screens;
			sourceTree = "<group>";
		};
		7856111F3AF967BCD3D757E1 /* Import */ = {
			isa = PBXGroup;
			children = (
				FFC506BB6A47DA40FDE9F249 /* DebugImportFixture.swift */,
				291C87F538FC7E79CDB43160 /* ImportScreen.swift */,
				497D4C7291EC82131207C136 /* TelemetryFileSource.swift */,
				E7D8720DD4F67BA47FB3A473 /* TelemetryImporter.swift */,
				1C495D7D81AF10999314C8E7 /* TelemetryPicker.swift */,
			);
			path = Import;
			sourceTree = "<group>";
		};
		7F9F76BF9CBBCC264B34A93D /* App */ = {
			isa = PBXGroup;
			children = (
				05785085DD8CB7FE9F551097 /* Auth */,
				F885066D2315318680FB274B /* Billing */,
				EB34187C37F208C141376079 /* CarPlay */,
				E0D236F11D520CECDCCB8AF4 /* Charts */,
				FD4C440116BA269B836CB734 /* DesignSystem */,
				7856111F3AF967BCD3D757E1 /* Import */,
				ACA50735DEE1C5D3D51426EA /* Navigation */,
				578A399D6F6E60A4A894C8B8 /* Offline */,
				05F08C89A2F106188B1AC56B /* Recording */,
				665A300ABA9EBC0413EB48F9 /* Screens */,
				D10939598E67F796CA22FCE3 /* Assets.xcassets */,
				7FAD7F0F8459AFBE55AE39CB /* Info.plist */,
				1D6588990892F4B703C72631 /* RootView.swift */,
				A9CE6FCEF23CA4222C13FF34 /* TrackEvolution.entitlements */,
				DF458BC0BC4540AA03653819 /* TrackEvolutionApp.swift */,
			);
			path = App;
			sourceTree = "<group>";
		};
		ACA50735DEE1C5D3D51426EA /* Navigation */ = {
			isa = PBXGroup;
			children = (
				CF43C9F27E545AD049BEA61F /* Router.swift */,
			);
			path = Navigation;
			sourceTree = "<group>";
		};
		C581ABE7A266A00827F3A4A3 /* UITests */ = {
			isa = PBXGroup;
			children = (
				2133654268DDDB033D753977 /* ChannelGraphsUITests.swift */,
				7CE53488843E1D73126026F6 /* ChecklistTemplateUITests.swift */,
				66389188B710C7781911F41D /* CoreScreensUITests.swift */,
				CA9909D90A12012D6F62C72B /* DevServerSignIn.swift */,
				93A67CAED75D1C43431CBEC4 /* GarageUITests.swift */,
				47E244125B7D8F3A4F6BAB44 /* GestureUITests.swift */,
				6F66DCA3EEAAB9B7AB63C634 /* OfflineWritesUITests.swift */,
				AE57D24F71C3C0964D60F43C /* RecordAndSaveUITests.swift */,
				82118910A4D7C285ABC04083 /* SignInUITests.swift */,
				2547D11C2AB55F3F271936B4 /* VideoImportUITests.swift */,
			);
			path = UITests;
			sourceTree = "<group>";
		};
		CDB2CA4C7E435A8B4ABA5EB1 /* Packages */ = {
			isa = PBXGroup;
			children = (
				00C463A61C87EA12BC0DD175 /* TrackEvolutionKit */,
			);
			path = Packages;
			sourceTree = "<group>";
		};
		E0D236F11D520CECDCCB8AF4 /* Charts */ = {
			isa = PBXGroup;
			children = (
				C11E4CD1582ACC54710F446D /* LapChannelChart.swift */,
				41D9EC7D2504A9022D639B5C /* ProgressChart.swift */,
				7D49906A9ABE290475361112 /* SectorTable.swift */,
				F3556BEFE3E9C4894EC8783F /* TrackMapView.swift */,
			);
			path = Charts;
			sourceTree = "<group>";
		};
		E1619804A1ABA704C06014FE /* Products */ = {
			isa = PBXGroup;
			children = (
				4F2186F17C307D76064E1F95 /* TrackEvolution.app */,
				B4630A11194CA0906744BD96 /* TrackEvolutionUITests.xctest */,
			);
			name = Products;
			sourceTree = "<group>";
		};
		EB34187C37F208C141376079 /* CarPlay */ = {
			isa = PBXGroup;
			children = (
				AC94F085162A76DECDFA4087 /* AppServices.swift */,
				56BB693BDA719629E82C5935 /* CarPlaySceneDelegate.swift */,
				069CAEC52E0E9C81C22DC8C8 /* RemoteRecorder.swift */,
			);
			path = CarPlay;
			sourceTree = "<group>";
		};
		F885066D2315318680FB274B /* Billing */ = {
			isa = PBXGroup;
			children = (
				E142A66C92DBCD4560C1753C /* LegacyClaimRecord.swift */,
				B3FF04EE56EF96EE2E8F5283 /* PaywallSheet.swift */,
				BB900AB8D4C1B65D30BBF43A /* StoreController.swift */,
			);
			path = Billing;
			sourceTree = "<group>";
		};
		FD4C440116BA269B836CB734 /* DesignSystem */ = {
			isa = PBXGroup;
			children = (
				03E3F0A72B7C7860B19B1ED6 /* BrandMark.swift */,
				8448B97FB1616E831FF9C5C6 /* ColorTokens.generated.swift */,
				53A61B2645926992E00FFAD3 /* Shape.swift */,
				77AAF51B0B3269B08721385C /* ThemePreference.swift */,
				BC08E6DAFEE98F1569066E49 /* TokenGallery.swift */,
				BEB943307051525CEC527B23 /* Typography.swift */,
			);
			path = DesignSystem;
			sourceTree = "<group>";
		};
/* End PBXGroup section */

/* Begin PBXNativeTarget section */
		7759B992E68D75E18E12DBF1 /* TrackEvolutionUITests */ = {
			isa = PBXNativeTarget;
			buildConfigurationList = B64B349F826C19DE57A0DD2E /* Build configuration list for PBXNativeTarget "TrackEvolutionUITests" */;
			buildPhases = (
				49FE6F1BCF322F509CB9B5E0 /* Sources */,
			);
			buildRules = (
			);
			dependencies = (
				A0C402FBA72CDD5B9C738295 /* PBXTargetDependency */,
			);
			name = TrackEvolutionUITests;
			packageProductDependencies = (
			);
			productName = TrackEvolutionUITests;
			productReference = B4630A11194CA0906744BD96 /* TrackEvolutionUITests.xctest */;
			productType = "com.apple.product-type.bundle.ui-testing";
		};
		AC13A14220F527DEFEFB95D4 /* TrackEvolution */ = {
			isa = PBXNativeTarget;
			buildConfigurationList = 95CBE7677651F6C66FDACD11 /* Build configuration list for PBXNativeTarget "TrackEvolution" */;
			buildPhases = (
				6ED77E820D991CE462611CC7 /* Sources */,
				9324BC47CC2F7C08E21F5A63 /* Resources */,
				6621516D22CDA34B378507CA /* Frameworks */,
			);
			buildRules = (
			);
			dependencies = (
			);
			name = TrackEvolution;
			packageProductDependencies = (
				4E5F2EDF1C9FC56FC64FA6AD /* TrackEvolutionKit */,
			);
			productName = TrackEvolution;
			productReference = 4F2186F17C307D76064E1F95 /* TrackEvolution.app */;
			productType = "com.apple.product-type.application";
		};
/* End PBXNativeTarget section */

/* Begin PBXProject section */
		4118DA39686922F816BBEAB1 /* Project object */ = {
			isa = PBXProject;
			attributes = {
				BuildIndependentTargetsInParallel = YES;
				LastUpgradeCheck = 1430;
				TargetAttributes = {
					7759B992E68D75E18E12DBF1 = {
						DevelopmentTeam = L3NS86NMXZ;
						TestTargetID = AC13A14220F527DEFEFB95D4;
					};
					AC13A14220F527DEFEFB95D4 = {
						DevelopmentTeam = L3NS86NMXZ;
						ProvisioningStyle = Automatic;
					};
				};
			};
			buildConfigurationList = 10AA927C22C17A64D4AC8C05 /* Build configuration list for PBXProject "TrackEvolution" */;
			developmentRegion = en;
			hasScannedForEncodings = 0;
			knownRegions = (
				Base,
				en,
			);
			mainGroup = 216647CDD6A5F969D30A744B;
			minimizedProjectReferenceProxies = 1;
			packageReferences = (
				0628D3026A0F2D1F373880E6 /* XCLocalSwiftPackageReference "Packages/TrackEvolutionKit" */,
			);
			preferredProjectObjectVersion = 77;
			productRefGroup = E1619804A1ABA704C06014FE /* Products */;
			projectDirPath = "";
			projectRoot = "";
			targets = (
				AC13A14220F527DEFEFB95D4 /* TrackEvolution */,
				7759B992E68D75E18E12DBF1 /* TrackEvolutionUITests */,
			);
		};
/* End PBXProject section */

/* Begin PBXResourcesBuildPhase section */
		9324BC47CC2F7C08E21F5A63 /* Resources */ = {
			isa = PBXResourcesBuildPhase;
			buildActionMask = 2147483647;
			files = (
				F903D5D339EABBC96E51A877 /* Assets.xcassets in Resources */,
			);
			runOnlyForDeploymentPostprocessing = 0;
		};
/* End PBXResourcesBuildPhase section */

/* Begin PBXSourcesBuildPhase section */
		49FE6F1BCF322F509CB9B5E0 /* Sources */ = {
			isa = PBXSourcesBuildPhase;
			buildActionMask = 2147483647;
			files = (
				DAE2D0644FF52D0956D4E4B9 /* ChannelGraphsUITests.swift in Sources */,
				8956AB4D920BC0AFC8FFE7C4 /* ChecklistTemplateUITests.swift in Sources */,
				44C9344E2201B4126ABEF4D7 /* CoreScreensUITests.swift in Sources */,
				F87B8589AAC23215D4995227 /* DevServerSignIn.swift in Sources */,
				05E3AA3580CA0FCFBB1886CD /* GarageUITests.swift in Sources */,
				66499C8CFD338E62777C4FFE /* GestureUITests.swift in Sources */,
				B7166F1C215B677B6277F598 /* OfflineWritesUITests.swift in Sources */,
				397937B5884853330FA725F8 /* RecordAndSaveUITests.swift in Sources */,
				B98EEDCCD74302D9CD967182 /* SignInUITests.swift in Sources */,
				DDC81CFF119F5757B8E5C2A5 /* VideoImportUITests.swift in Sources */,
			);
			runOnlyForDeploymentPostprocessing = 0;
		};
		6ED77E820D991CE462611CC7 /* Sources */ = {
			isa = PBXSourcesBuildPhase;
			buildActionMask = 2147483647;
			files = (
				2D35025A70FD15F566175D84 /* AppServices.swift in Sources */,
				DE58BE58A61787D0A296A492 /* AuthController.swift in Sources */,
				499E0DD4FB9A41DF0B97A880 /* BrandMark.swift in Sources */,
				DB78BAE155E508C9C20736D1 /* CarPlaySceneDelegate.swift in Sources */,
				098CFE37BCCB755134EAF63A /* ColorTokens.generated.swift in Sources */,
				F8BF1DC67E401FF5B97B9614 /* CompareLapsScreen.swift in Sources */,
				8942CFCB809A0BD25305A821 /* Components.swift in Sources */,
				AA75C5EA5360CAAB10025EEA /* DashboardScreen.swift in Sources */,
				7D8383BD1872AF68D53716DD /* DebugImportFixture.swift in Sources */,
				99384036CC3B4CB5D05BD649 /* EventFormScreen.swift in Sources */,
				0B42C235850422B2C6BF0737 /* EventModel.swift in Sources */,
				68F38DA8AA921117CCEE56D5 /* EventScreen.swift in Sources */,
				D5F6F247F84F06154C7BDB37 /* FixJournal.swift in Sources */,
				43E22091F3B55FE761C3F737 /* GarageViews.swift in Sources */,
				444CE9EBFBD135B1145D10B8 /* Haptics.swift in Sources */,
				449B69CF28F00455EFE6F6DA /* ImportScreen.swift in Sources */,
				8990E2C22F8CF6730645B7CE /* KeychainTokenStore.swift in Sources */,
				E455177C72CEF449BDEDF9CD /* LapChannelChart.swift in Sources */,
				B1EA74D76DE83B0DAFAD5F44 /* LegacyClaimRecord.swift in Sources */,
				4D5846D926BDEF1D48B78043 /* LinePickerView.swift in Sources */,
				212E41370DD7175B47DE9DDB /* LocationService.swift in Sources */,
				D51EB8770639D12CEEE9B9F0 /* PaywallSheet.swift in Sources */,
				79DB087EDD43CCC5CE9D378E /* ProgressChart.swift in Sources */,
				06FA7C499CE4618F1B680CD6 /* RecordingBanner.swift in Sources */,
				48E955F21551B6D82C3AB62C /* RecordingController.swift in Sources */,
				66E2ABF81E3E3688EBA81EA6 /* RecordingScreen.swift in Sources */,
				2AE133FCAF4C715B3E33AFC8 /* RemoteRecorder.swift in Sources */,
				FE1DBD9FE6647218B6AEB845 /* ReviewScreen.swift in Sources */,
				5EBA32B6F5FA9254C490BFFF /* RootView.swift in Sources */,
				51CF45A0E84DE89AA15DB4D7 /* Router.swift in Sources */,
				791FD58FCA19C993DB62F19D /* SectorTable.swift in Sources */,
				D8242F06EE63ABEA3DE366D5 /* SettingsScreen.swift in Sources */,
				4F0879E87B4D8BE767CC34B6 /* Shape.swift in Sources */,
				48D153C4F58B8B1A62F7A616 /* SharedLogbookScreen.swift in Sources */,
				7660D016CC7A4B8466794DD5 /* SignInScreen.swift in Sources */,
				C142D7B4B7E675F7AAD53880 /* StoreController.swift in Sources */,
				E105E001CFDE0E8E7CC4914B /* SyncBanner.swift in Sources */,
				E9868474425C0AC1F91A7E55 /* TelemetryFileSource.swift in Sources */,
				5A671EFFAC149837963BCEBF /* TelemetryImporter.swift in Sources */,
				DA264BA1CC72048E06DF405D /* TelemetryPicker.swift in Sources */,
				4672EECB0EB121F69CCDC6DF /* ThemePreference.swift in Sources */,
				1677D98790F02D2C92BB7EB8 /* TokenGallery.swift in Sources */,
				D49E777A0431DFC981F47CF6 /* TrackEvolutionApp.swift in Sources */,
				2B296B48C5EA86083A5DE11F /* TrackMapView.swift in Sources */,
				0C6C6E94CEE1F31E72BB6A12 /* TrackScreen.swift in Sources */,
				34446D1A60916C974D7DCF59 /* Typography.swift in Sources */,
				49A0B66026E0F7DC363FFBA6 /* VehicleScreen.swift in Sources */,
			);
			runOnlyForDeploymentPostprocessing = 0;
		};
/* End PBXSourcesBuildPhase section */

/* Begin PBXTargetDependency section */
		A0C402FBA72CDD5B9C738295 /* PBXTargetDependency */ = {
			isa = PBXTargetDependency;
			target = AC13A14220F527DEFEFB95D4 /* TrackEvolution */;
			targetProxy = F585D2B301A1098FC267C01E /* PBXContainerItemProxy */;
		};
/* End PBXTargetDependency section */

/* Begin XCBuildConfiguration section */
		0E3E06111F51D68CF5DD0D15 /* Debug */ = {
			isa = XCBuildConfiguration;
			buildSettings = {
				ALWAYS_SEARCH_USER_PATHS = NO;
				CLANG_ANALYZER_NONNULL = YES;
				CLANG_ANALYZER_NUMBER_OBJECT_CONVERSION = YES_AGGRESSIVE;
				CLANG_CXX_LANGUAGE_STANDARD = "gnu++14";
				CLANG_CXX_LIBRARY = "libc++";
				CLANG_ENABLE_MODULES = YES;
				CLANG_ENABLE_OBJC_ARC = YES;
				CLANG_ENABLE_OBJC_WEAK = YES;
				CLANG_WARN_BLOCK_CAPTURE_AUTORELEASING = YES;
				CLANG_WARN_BOOL_CONVERSION = YES;
				CLANG_WARN_COMMA = YES;
				CLANG_WARN_CONSTANT_CONVERSION = YES;
				CLANG_WARN_DEPRECATED_OBJC_IMPLEMENTATIONS = YES;
				CLANG_WARN_DIRECT_OBJC_ISA_USAGE = YES_ERROR;
				CLANG_WARN_DOCUMENTATION_COMMENTS = YES;
				CLANG_WARN_EMPTY_BODY = YES;
				CLANG_WARN_ENUM_CONVERSION = YES;
				CLANG_WARN_INFINITE_RECURSION = YES;
				CLANG_WARN_INT_CONVERSION = YES;
				CLANG_WARN_NON_LITERAL_NULL_CONVERSION = YES;
				CLANG_WARN_OBJC_IMPLICIT_RETAIN_SELF = YES;
				CLANG_WARN_OBJC_LITERAL_CONVERSION = YES;
				CLANG_WARN_OBJC_ROOT_CLASS = YES_ERROR;
				CLANG_WARN_QUOTED_INCLUDE_IN_FRAMEWORK_HEADER = YES;
				CLANG_WARN_RANGE_LOOP_ANALYSIS = YES;
				CLANG_WARN_STRICT_PROTOTYPES = YES;
				CLANG_WARN_SUSPICIOUS_MOVE = YES;
				CLANG_WARN_UNGUARDED_AVAILABILITY = YES_AGGRESSIVE;
				CLANG_WARN_UNREACHABLE_CODE = YES;
				CLANG_WARN__DUPLICATE_METHOD_MATCH = YES;
				COPY_PHASE_STRIP = NO;
				CURRENT_PROJECT_VERSION = 1;
				DEBUG_INFORMATION_FORMAT = dwarf;
				DEVELOPMENT_TEAM = L3NS86NMXZ;
				ENABLE_STRICT_OBJC_MSGSEND = YES;
				ENABLE_TESTABILITY = YES;
				ENABLE_USER_SCRIPT_SANDBOXING = YES;
				GCC_C_LANGUAGE_STANDARD = gnu11;
				GCC_DYNAMIC_NO_PIC = NO;
				GCC_NO_COMMON_BLOCKS = YES;
				GCC_OPTIMIZATION_LEVEL = 0;
				GCC_PREPROCESSOR_DEFINITIONS = (
					"$(inherited)",
					"DEBUG=1",
				);
				GCC_WARN_64_TO_32_BIT_CONVERSION = YES;
				GCC_WARN_ABOUT_RETURN_TYPE = YES_ERROR;
				GCC_WARN_UNDECLARED_SELECTOR = YES;
				GCC_WARN_UNINITIALIZED_AUTOS = YES_AGGRESSIVE;
				GCC_WARN_UNUSED_FUNCTION = YES;
				GCC_WARN_UNUSED_VARIABLE = YES;
				IPHONEOS_DEPLOYMENT_TARGET = 17.0;
				MARKETING_VERSION = 1.6;
				MTL_ENABLE_DEBUG_INFO = INCLUDE_SOURCE;
				MTL_FAST_MATH = YES;
				ONLY_ACTIVE_ARCH = YES;
				PRODUCT_NAME = "$(TARGET_NAME)";
				SDKROOT = iphoneos;
				SWIFT_ACTIVE_COMPILATION_CONDITIONS = DEBUG;
				SWIFT_OPTIMIZATION_LEVEL = "-Onone";
				SWIFT_STRICT_CONCURRENCY = complete;
				SWIFT_UPCOMING_FEATURE_EXISTENTIAL_ANY = YES;
				SWIFT_VERSION = 6.0;
			};
			name = Debug;
		};
		230B69E40E778B3169736A63 /* Debug */ = {
			isa = XCBuildConfiguration;
			buildSettings = {
				ASSETCATALOG_COMPILER_APPICON_NAME = AppIcon;
				ASSETCATALOG_COMPILER_GENERATE_ASSET_SYMBOLS = YES;
				CODE_SIGN_ENTITLEMENTS = App/TrackEvolution.entitlements;
				CODE_SIGN_IDENTITY = "iPhone Developer";
				CODE_SIGN_STYLE = Automatic;
				GENERATE_INFOPLIST_FILE = NO;
				INFOPLIST_FILE = App/Info.plist;
				LD_RUNPATH_SEARCH_PATHS = (
					"$(inherited)",
					"@executable_path/Frameworks",
				);
				PRODUCT_BUNDLE_IDENTIFIER = app.trackevolution;
				PRODUCT_NAME = TrackEvolution;
				SDKROOT = iphoneos;
				SUPPORTS_MACCATALYST = NO;
				SUPPORTS_XR_DESIGNED_FOR_IPHONE = NO;
				SWIFT_EMIT_LOC_STRINGS = YES;
				TARGETED_DEVICE_FAMILY = "1,2";
			};
			name = Debug;
		};
		5780BB69DB18C66BD1FC3E73 /* Release */ = {
			isa = XCBuildConfiguration;
			buildSettings = {
				ALWAYS_SEARCH_USER_PATHS = NO;
				CLANG_ANALYZER_NONNULL = YES;
				CLANG_ANALYZER_NUMBER_OBJECT_CONVERSION = YES_AGGRESSIVE;
				CLANG_CXX_LANGUAGE_STANDARD = "gnu++14";
				CLANG_CXX_LIBRARY = "libc++";
				CLANG_ENABLE_MODULES = YES;
				CLANG_ENABLE_OBJC_ARC = YES;
				CLANG_ENABLE_OBJC_WEAK = YES;
				CLANG_WARN_BLOCK_CAPTURE_AUTORELEASING = YES;
				CLANG_WARN_BOOL_CONVERSION = YES;
				CLANG_WARN_COMMA = YES;
				CLANG_WARN_CONSTANT_CONVERSION = YES;
				CLANG_WARN_DEPRECATED_OBJC_IMPLEMENTATIONS = YES;
				CLANG_WARN_DIRECT_OBJC_ISA_USAGE = YES_ERROR;
				CLANG_WARN_DOCUMENTATION_COMMENTS = YES;
				CLANG_WARN_EMPTY_BODY = YES;
				CLANG_WARN_ENUM_CONVERSION = YES;
				CLANG_WARN_INFINITE_RECURSION = YES;
				CLANG_WARN_INT_CONVERSION = YES;
				CLANG_WARN_NON_LITERAL_NULL_CONVERSION = YES;
				CLANG_WARN_OBJC_IMPLICIT_RETAIN_SELF = YES;
				CLANG_WARN_OBJC_LITERAL_CONVERSION = YES;
				CLANG_WARN_OBJC_ROOT_CLASS = YES_ERROR;
				CLANG_WARN_QUOTED_INCLUDE_IN_FRAMEWORK_HEADER = YES;
				CLANG_WARN_RANGE_LOOP_ANALYSIS = YES;
				CLANG_WARN_STRICT_PROTOTYPES = YES;
				CLANG_WARN_SUSPICIOUS_MOVE = YES;
				CLANG_WARN_UNGUARDED_AVAILABILITY = YES_AGGRESSIVE;
				CLANG_WARN_UNREACHABLE_CODE = YES;
				CLANG_WARN__DUPLICATE_METHOD_MATCH = YES;
				COPY_PHASE_STRIP = NO;
				CURRENT_PROJECT_VERSION = 1;
				DEBUG_INFORMATION_FORMAT = "dwarf-with-dsym";
				DEVELOPMENT_TEAM = L3NS86NMXZ;
				ENABLE_NS_ASSERTIONS = NO;
				ENABLE_STRICT_OBJC_MSGSEND = YES;
				ENABLE_USER_SCRIPT_SANDBOXING = YES;
				GCC_C_LANGUAGE_STANDARD = gnu11;
				GCC_NO_COMMON_BLOCKS = YES;
				GCC_WARN_64_TO_32_BIT_CONVERSION = YES;
				GCC_WARN_ABOUT_RETURN_TYPE = YES_ERROR;
				GCC_WARN_UNDECLARED_SELECTOR = YES;
				GCC_WARN_UNINITIALIZED_AUTOS = YES_AGGRESSIVE;
				GCC_WARN_UNUSED_FUNCTION = YES;
				GCC_WARN_UNUSED_VARIABLE = YES;
				IPHONEOS_DEPLOYMENT_TARGET = 17.0;
				MARKETING_VERSION = 1.6;
				MTL_ENABLE_DEBUG_INFO = NO;
				MTL_FAST_MATH = YES;
				PRODUCT_NAME = "$(TARGET_NAME)";
				SDKROOT = iphoneos;
				SWIFT_COMPILATION_MODE = wholemodule;
				SWIFT_OPTIMIZATION_LEVEL = "-O";
				SWIFT_STRICT_CONCURRENCY = complete;
				SWIFT_UPCOMING_FEATURE_EXISTENTIAL_ANY = YES;
				SWIFT_VERSION = 6.0;
			};
			name = Release;
		};
		67A68F9AEAB5C555479400BA /* Debug */ = {
			isa = XCBuildConfiguration;
			buildSettings = {
				BUNDLE_LOADER = "$(TEST_HOST)";
				GENERATE_INFOPLIST_FILE = YES;
				LD_RUNPATH_SEARCH_PATHS = (
					"$(inherited)",
					"@executable_path/Frameworks",
					"@loader_path/Frameworks",
				);
				PRODUCT_BUNDLE_IDENTIFIER = app.trackevolution.uitests;
				SDKROOT = iphoneos;
				TARGETED_DEVICE_FAMILY = "1,2";
				TEST_TARGET_NAME = TrackEvolution;
			};
			name = Debug;
		};
		9B1B448946E4267725B25791 /* Release */ = {
			isa = XCBuildConfiguration;
			buildSettings = {
				BUNDLE_LOADER = "$(TEST_HOST)";
				GENERATE_INFOPLIST_FILE = YES;
				LD_RUNPATH_SEARCH_PATHS = (
					"$(inherited)",
					"@executable_path/Frameworks",
					"@loader_path/Frameworks",
				);
				PRODUCT_BUNDLE_IDENTIFIER = app.trackevolution.uitests;
				SDKROOT = iphoneos;
				TARGETED_DEVICE_FAMILY = "1,2";
				TEST_TARGET_NAME = TrackEvolution;
			};
			name = Release;
		};
		BE10515FB6195D4BCC4EDB09 /* Release */ = {
			isa = XCBuildConfiguration;
			buildSettings = {
				ASSETCATALOG_COMPILER_APPICON_NAME = AppIcon;
				ASSETCATALOG_COMPILER_GENERATE_ASSET_SYMBOLS = YES;
				CODE_SIGN_ENTITLEMENTS = App/TrackEvolution.entitlements;
				CODE_SIGN_IDENTITY = "iPhone Developer";
				CODE_SIGN_STYLE = Automatic;
				GENERATE_INFOPLIST_FILE = NO;
				INFOPLIST_FILE = App/Info.plist;
				LD_RUNPATH_SEARCH_PATHS = (
					"$(inherited)",
					"@executable_path/Frameworks",
				);
				PRODUCT_BUNDLE_IDENTIFIER = app.trackevolution;
				PRODUCT_NAME = TrackEvolution;
				SDKROOT = iphoneos;
				SUPPORTS_MACCATALYST = NO;
				SUPPORTS_XR_DESIGNED_FOR_IPHONE = NO;
				SWIFT_EMIT_LOC_STRINGS = YES;
				TARGETED_DEVICE_FAMILY = "1,2";
			};
			name = Release;
		};
/* End XCBuildConfiguration section */

/* Begin XCConfigurationList section */
		10AA927C22C17A64D4AC8C05 /* Build configuration list for PBXProject "TrackEvolution" */ = {
			isa = XCConfigurationList;
			buildConfigurations = (
				0E3E06111F51D68CF5DD0D15 /* Debug */,
				5780BB69DB18C66BD1FC3E73 /* Release */,
			);
			defaultConfigurationIsVisible = 0;
			defaultConfigurationName = Debug;
		};
		95CBE7677651F6C66FDACD11 /* Build configuration list for PBXNativeTarget "TrackEvolution" */ = {
			isa = XCConfigurationList;
			buildConfigurations = (
				230B69E40E778B3169736A63 /* Debug */,
				BE10515FB6195D4BCC4EDB09 /* Release */,
			);
			defaultConfigurationIsVisible = 0;
			defaultConfigurationName = Debug;
		};
		B64B349F826C19DE57A0DD2E /* Build configuration list for PBXNativeTarget "TrackEvolutionUITests" */ = {
			isa = XCConfigurationList;
			buildConfigurations = (
				67A68F9AEAB5C555479400BA /* Debug */,
				9B1B448946E4267725B25791 /* Release */,
			);
			defaultConfigurationIsVisible = 0;
			defaultConfigurationName = Debug;
		};
/* End XCConfigurationList section */

/* Begin XCLocalSwiftPackageReference section */
		0628D3026A0F2D1F373880E6 /* XCLocalSwiftPackageReference "Packages/TrackEvolutionKit" */ = {
			isa = XCLocalSwiftPackageReference;
			relativePath = Packages/TrackEvolutionKit;
		};
/* End XCLocalSwiftPackageReference section */

/* Begin XCSwiftPackageProductDependency section */
		4E5F2EDF1C9FC56FC64FA6AD /* TrackEvolutionKit */ = {
			isa = XCSwiftPackageProductDependency;
			productName = TrackEvolutionKit;
		};
/* End XCSwiftPackageProductDependency section */
	};
	rootObject = 4118DA39686922F816BBEAB1 /* Project object */;
}
